// !$*UTF8*$!
{
	archiveVersion = 1;
	classes = {
	};
	objectVersion = 50;
	objects = {

/* Begin PBXBuildFile section */
		400A71EB2652C877009FE0E8 /* XKCDApp.swift in Sources */ = {isa = PBXBuildFile; fileRef = 400A71EA2652C877009FE0E8 /* XKCDApp.swift */; };
		400A71ED2652C877009FE0E8 /* ContentView.swift in Sources */ = {isa = PBXBuildFile; fileRef = 400A71EC2652C877009FE0E8 /* ContentView.swift */; };
		400A71EF2652C87C009FE0E8 /* Assets.xcassets in Resources */ = {isa = PBXBuildFile; fileRef = 400A71EE2652C87C009FE0E8 /* Assets.xcassets */; };
		400A71F22652C87C009FE0E8 /* Preview Assets.xcassets in Resources */ = {isa = PBXBuildFile; fileRef = 400A71F12652C87C009FE0E8 /* Preview Assets.xcassets */; };
		400A71FA2652C891009FE0E8 /* Comic.swift in Sources */ = {isa = PBXBuildFile; fileRef = 400A71F92652C891009FE0E8 /* Comic.swift */; };
		400A71FC2652CA02009FE0E8 /* ComicViewModel.swift in Sources */ = {isa = PBXBuildFile; fileRef = 400A71FB2652CA02009FE0E8 /* ComicViewModel.swift */; };
		40150FEE26592FF300F27B1F /* NavSearchBarView.swift in Sources */ = {isa = PBXBuildFile; fileRef = 40150FED26592FF300F27B1F /* NavSearchBarView.swift */; };
		40150FF02659304C00F27B1F /* BrowseComicsView.swift in Sources */ = {isa = PBXBuildFile; fileRef = 40150FEF2659304C00F27B1F /* BrowseComicsView.swift */; };
		4026907426545942004F2AD1 /* String+Extension.swift in Sources */ = {isa = PBXBuildFile; fileRef = 4026907326545942004F2AD1 /* String+Extension.swift */; };
		4026907A2654CB36004F2AD1 /* SafariView.swift in Sources */ = {isa = PBXBuildFile; fileRef = 402690792654CB36004F2AD1 /* SafariView.swift */; };
		4026907C2654CBAA004F2AD1 /* ShareSheetView.swift in Sources */ = {isa = PBXBuildFile; fileRef = 4026907B2654CBAA004F2AD1 /* ShareSheetView.swift */; };
		4026907E2654D313004F2AD1 /* PinchZoomView.swift in Sources */ = {isa = PBXBuildFile; fileRef = 4026907D2654D313004F2AD1 /* PinchZoomView.swift */; };
		402690832655102B004F2AD1 /* ImageLoader.swift in Sources */ = {isa = PBXBuildFile; fileRef = 4026907F2655102A004F2AD1 /* ImageLoader.swift */; };
		402690842655102B004F2AD1 /* AsyncImage.swift in Sources */ = {isa = PBXBuildFile; fileRef = 402690802655102B004F2AD1 /* AsyncImage.swift */; };
		402690852655102B004F2AD1 /* ImageCache.swift in Sources */ = {isa = PBXBuildFile; fileRef = 402690812655102B004F2AD1 /* ImageCache.swift */; };
		402690862655102B004F2AD1 /* EnvironmentValues+ImageCache.swift in Sources */ = {isa = PBXBuildFile; fileRef = 402690822655102B004F2AD1 /* EnvironmentValues+ImageCache.swift */; };
		4026908926559BEC004F2AD1 /* HomeView.swift in Sources */ = {isa = PBXBuildFile; fileRef = 4026908826559BEC004F2AD1 /* HomeView.swift */; };
		4026908B26559C3E004F2AD1 /* BrowseView.swift in Sources */ = {isa = PBXBuildFile; fileRef = 4026908A26559C3E004F2AD1 /* BrowseView.swift */; };
		4026908D26559CE7004F2AD1 /* BrowseComicDetailView.swift in Sources */ = {isa = PBXBuildFile; fileRef = 4026908C26559CE7004F2AD1 /* BrowseComicDetailView.swift */; };
		4026908F26559DBA004F2AD1 /* ComicView.swift in Sources */ = {isa = PBXBuildFile; fileRef = 4026908E26559DBA004F2AD1 /* ComicView.swift */; };
		4026909126559E57004F2AD1 /* ComicCellView.swift in Sources */ = {isa = PBXBuildFile; fileRef = 4026909026559E57004F2AD1 /* ComicCellView.swift */; };
		4026909626559F50004F2AD1 /* FavoritesView.swift in Sources */ = {isa = PBXBuildFile; fileRef = 4026909526559F50004F2AD1 /* FavoritesView.swift */; };
		404AD2332656F4600080FFA4 /* xkcd.otf in Resources */ = {isa = PBXBuildFile; fileRef = 404AD2322656F3760080FFA4 /* xkcd.otf */; };
		4055A7C22659850A00EC55ED /* ComicCellDetailView.swift in Sources */ = {isa = PBXBuildFile; fileRef = 4055A7C12659850A00EC55ED /* ComicCellDetailView.swift */; };
		4055A7E52659A05100EC55ED /* Persistence.swift in Sources */ = {isa = PBXBuildFile; fileRef = 4055A7E42659A05100EC55ED /* Persistence.swift */; };
		4055A7E82659A11500EC55ED /* XKCD.xcdatamodeld in Sources */ = {isa = PBXBuildFile; fileRef = 4055A7E62659A11500EC55ED /* XKCD.xcdatamodeld */; };
		4055A7EA265A344100EC55ED /* FavoriteDetailView.swift in Sources */ = {isa = PBXBuildFile; fileRef = 4055A7E9265A344100EC55ED /* FavoriteDetailView.swift */; };
		40CC0E4E265AC36300F4980F /* BrowseComicDetails.swift in Sources */ = {isa = PBXBuildFile; fileRef = 40CC0E4D265AC36300F4980F /* BrowseComicDetails.swift */; };
		40CC0E50265AC65000F4980F /* NavBarButtonsView.swift in Sources */ = {isa = PBXBuildFile; fileRef = 40CC0E4F265AC65000F4980F /* NavBarButtonsView.swift */; };
/* End PBXBuildFile section */

/* Begin PBXFileReference section */
		400A71E72652C877009FE0E8 /* XKCD.app */ = {isa = PBXFileReference; explicitFileType = wrapper.application; includeInIndex = 0; path = XKCD.app; sourceTree = BUILT_PRODUCTS_DIR; };
		400A71EA2652C877009FE0E8 /* XKCDApp.swift */ = {isa = PBXFileReference; lastKnownFileType = sourcecode.swift; path = XKCDApp.swift; sourceTree = "<group>"; };
		400A71EC2652C877009FE0E8 /* ContentView.swift */ = {isa = PBXFileReference; lastKnownFileType = sourcecode.swift; path = ContentView.swift; sourceTree = "<group>"; };
		400A71EE2652C87C009FE0E8 /* Assets.xcassets */ = {isa = PBXFileReference; lastKnownFileType = folder.assetcatalog; path = Assets.xcassets; sourceTree = "<group>"; };
		400A71F12652C87C009FE0E8 /* Preview Assets.xcassets */ = {isa = PBXFileReference; lastKnownFileType = folder.assetcatalog; path = "Preview Assets.xcassets"; sourceTree = "<group>"; };
		400A71F32652C87C009FE0E8 /* Info.plist */ = {isa = PBXFileReference; lastKnownFileType = text.plist.xml; path = Info.plist; sourceTree = "<group>"; };
		400A71F92652C891009FE0E8 /* Comic.swift */ = {isa = PBXFileReference; lastKnownFileType = sourcecode.swift; path = Comic.swift; sourceTree = "<group>"; };
		400A71FB2652CA02009FE0E8 /* ComicViewModel.swift */ = {isa = PBXFileReference; lastKnownFileType = sourcecode.swift; path = ComicViewModel.swift; sourceTree = "<group>"; };
		40150FED26592FF300F27B1F /* NavSearchBarView.swift */ = {isa = PBXFileReference; lastKnownFileType = sourcecode.swift; path = NavSearchBarView.swift; sourceTree = "<group>"; };
		40150FEF2659304C00F27B1F /* BrowseComicsView.swift */ = {isa = PBXFileReference; lastKnownFileType = sourcecode.swift; path = BrowseComicsView.swift; sourceTree = "<group>"; };
		4026907326545942004F2AD1 /* String+Extension.swift */ = {isa = PBXFileReference; lastKnownFileType = sourcecode.swift; path = "String+Extension.swift"; sourceTree = "<group>"; };
		402690792654CB36004F2AD1 /* SafariView.swift */ = {isa = PBXFileReference; lastKnownFileType = sourcecode.swift; path = SafariView.swift; sourceTree = "<group>"; };
		4026907B2654CBAA004F2AD1 /* ShareSheetView.swift */ = {isa = PBXFileReference; lastKnownFileType = sourcecode.swift; path = ShareSheetView.swift; sourceTree = "<group>"; };
		4026907D2654D313004F2AD1 /* PinchZoomView.swift */ = {isa = PBXFileReference; lastKnownFileType = sourcecode.swift; path = PinchZoomView.swift; sourceTree = "<group>"; };
		4026907F2655102A004F2AD1 /* ImageLoader.swift */ = {isa = PBXFileReference; fileEncoding = 4; lastKnownFileType = sourcecode.swift; path = ImageLoader.swift; sourceTree = "<group>"; };
		402690802655102B004F2AD1 /* AsyncImage.swift */ = {isa = PBXFileReference; fileEncoding = 4; lastKnownFileType = sourcecode.swift; path = AsyncImage.swift; sourceTree = "<group>"; };
		402690812655102B004F2AD1 /* ImageCache.swift */ = {isa = PBXFileReference; fileEncoding = 4; lastKnownFileType = sourcecode.swift; path = ImageCache.swift; sourceTree = "<group>"; };
		402690822655102B004F2AD1 /* EnvironmentValues+ImageCache.swift */ = {isa = PBXFileReference; fileEncoding = 4; lastKnownFileType = sourcecode.swift; path = "EnvironmentValues+ImageCache.swift"; sourceTree = "<group>"; };
		4026908826559BEC004F2AD1 /* HomeView.swift */ = {isa = PBXFileReference; lastKnownFileType = sourcecode.swift; path = HomeView.swift; sourceTree = "<group>"; };
		4026908A26559C3E004F2AD1 /* BrowseView.swift */ = {isa = PBXFileReference; lastKnownFileType = sourcecode.swift; path = BrowseView.swift; sourceTree = "<group>"; };
		4026908C26559CE7004F2AD1 /* BrowseComicDetailView.swift */ = {isa = PBXFileReference; lastKnownFileType = sourcecode.swift; path = BrowseComicDetailView.swift; sourceTree = "<group>"; };
		4026908E26559DBA004F2AD1 /* ComicView.swift */ = {isa = PBXFileReference; lastKnownFileType = sourcecode.swift; path = ComicView.swift; sourceTree = "<group>"; };
		4026909026559E57004F2AD1 /* ComicCellView.swift */ = {isa = PBXFileReference; lastKnownFileType = sourcecode.swift; path = ComicCellView.swift; sourceTree = "<group>"; };
		4026909526559F50004F2AD1 /* FavoritesView.swift */ = {isa = PBXFileReference; lastKnownFileType = sourcecode.swift; path = FavoritesView.swift; sourceTree = "<group>"; };
		404AD2322656F3760080FFA4 /* xkcd.otf */ = {isa = PBXFileReference; lastKnownFileType = file; path = xkcd.otf; sourceTree = "<group>"; };
		4055A7C12659850A00EC55ED /* ComicCellDetailView.swift */ = {isa = PBXFileReference; lastKnownFileType = sourcecode.swift; path = ComicCellDetailView.swift; sourceTree = "<group>"; };
		4055A7E42659A05100EC55ED /* Persistence.swift */ = {isa = PBXFileReference; fileEncoding = 4; lastKnownFileType = sourcecode.swift; path = Persistence.swift; sourceTree = "<group>"; };
		4055A7E72659A11500EC55ED /* XKCD.xcdatamodel */ = {isa = PBXFileReference; lastKnownFileType = wrapper.xcdatamodel; path = XKCD.xcdatamodel; sourceTree = "<group>"; };
		4055A7E9265A344100EC55ED /* FavoriteDetailView.swift */ = {isa = PBXFileReference; lastKnownFileType = sourcecode.swift; path = FavoriteDetailView.swift; sourceTree = "<group>"; };
		40CC0E4D265AC36300F4980F /* BrowseComicDetails.swift */ = {isa = PBXFileReference; lastKnownFileType = sourcecode.swift; path = BrowseComicDetails.swift; sourceTree = "<group>"; };
		40CC0E4F265AC65000F4980F /* NavBarButtonsView.swift */ = {isa = PBXFileReference; lastKnownFileType = sourcecode.swift; path = NavBarButtonsView.swift; sourceTree = "<group>"; };
/* End PBXFileReference section */

/* Begin PBXFrameworksBuildPhase section */
		400A71E42652C877009FE0E8 /* Frameworks */ = {
			isa = PBXFrameworksBuildPhase;
			buildActionMask = 2147483647;
			files = (
			);
			runOnlyForDeploymentPostprocessing = 0;
		};
/* End PBXFrameworksBuildPhase section */

/* Begin PBXGroup section */
		400A71DE2652C877009FE0E8 = {
			isa = PBXGroup;
			children = (
				400A71E92652C877009FE0E8 /* XKCD */,
				400A71E82652C877009FE0E8 /* Products */,
			);
			sourceTree = "<group>";
		};
		400A71E82652C877009FE0E8 /* Products */ = {
			isa = PBXGroup;
			children = (
				400A71E72652C877009FE0E8 /* XKCD.app */,
			);
			name = Products;
			sourceTree = "<group>";
		};
		400A71E92652C877009FE0E8 /* XKCD */ = {
			isa = PBXGroup;
			children = (
				400A71EA2652C877009FE0E8 /* XKCDApp.swift */,
				400A71EC2652C877009FE0E8 /* ContentView.swift */,
				402690762654C836004F2AD1 /* Model */,
				402690752654C82B004F2AD1 /* View */,
				402690782654C84F004F2AD1 /* View Model */,
				4026908726551039004F2AD1 /* AsyncImage */,
				402690772654C83F004F2AD1 /* Extensions */,
				4055A7E32659A03600EC55ED /* CoreData */,
				400A71EE2652C87C009FE0E8 /* Assets.xcassets */,
				404AD2322656F3760080FFA4 /* xkcd.otf */,
				400A71F32652C87C009FE0E8 /* Info.plist */,
				400A71F02652C87C009FE0E8 /* Preview Content */,
			);
			path = XKCD;
			sourceTree = "<group>";
		};
		400A71F02652C87C009FE0E8 /* Preview Content */ = {
			isa = PBXGroup;
			children = (
				400A71F12652C87C009FE0E8 /* Preview Assets.xcassets */,
			);
			path = "Preview Content";
			sourceTree = "<group>";
		};
		402690752654C82B004F2AD1 /* View */ = {
			isa = PBXGroup;
			children = (
				4026909226559E8F004F2AD1 /* Home */,
				4026909326559E9B004F2AD1 /* Browse */,
				4026909726559F69004F2AD1 /* Favorite */,
				4026909426559EAF004F2AD1 /* UIKit */,
			);
			path = View;
			sourceTree = "<group>";
		};
		402690762654C836004F2AD1 /* Model */ = {
			isa = PBXGroup;
			children = (
				400A71F92652C891009FE0E8 /* Comic.swift */,
			);
			path = Model;
			sourceTree = "<group>";
		};
		402690772654C83F004F2AD1 /* Extensions */ = {
			isa = PBXGroup;
			children = (
				4026907326545942004F2AD1 /* String+Extension.swift */,
			);
			path = Extensions;
			sourceTree = "<group>";
		};
		402690782654C84F004F2AD1 /* View Model */ = {
			isa = PBXGroup;
			children = (
				400A71FB2652CA02009FE0E8 /* ComicViewModel.swift */,
			);
			path = "View Model";
			sourceTree = "<group>";
		};
		4026908726551039004F2AD1 /* AsyncImage */ = {
			isa = PBXGroup;
			children = (
				402690802655102B004F2AD1 /* AsyncImage.swift */,
				402690822655102B004F2AD1 /* EnvironmentValues+ImageCache.swift */,
				402690812655102B004F2AD1 /* ImageCache.swift */,
				4026907F2655102A004F2AD1 /* ImageLoader.swift */,
			);
			path = AsyncImage;
			sourceTree = "<group>";
		};
		4026909226559E8F004F2AD1 /* Home */ = {
			isa = PBXGroup;
			children = (
				4026908826559BEC004F2AD1 /* HomeView.swift */,
				4026908E26559DBA004F2AD1 /* ComicView.swift */,
				4026909026559E57004F2AD1 /* ComicCellView.swift */,
				4055A7C12659850A00EC55ED /* ComicCellDetailView.swift */,
			);
			path = Home;
			sourceTree = "<group>";
		};
		4026909326559E9B004F2AD1 /* Browse */ = {
			isa = PBXGroup;
			children = (
				4026908A26559C3E004F2AD1 /* BrowseView.swift */,
				40150FED26592FF300F27B1F /* NavSearchBarView.swift */,
				40150FEF2659304C00F27B1F /* BrowseComicsView.swift */,
				4026908C26559CE7004F2AD1 /* BrowseComicDetailView.swift */,
				40CC0E4D265AC36300F4980F /* BrowseComicDetails.swift */,
				40CC0E4F265AC65000F4980F /* NavBarButtonsView.swift */,
			);
			path = Browse;
			sourceTree = "<group>";
		};
		4026909426559EAF004F2AD1 /* UIKit */ = {
			isa = PBXGroup;
			children = (
				402690792654CB36004F2AD1 /* SafariView.swift */,
				4026907B2654CBAA004F2AD1 /* ShareSheetView.swift */,
				4026907D2654D313004F2AD1 /* PinchZoomView.swift */,
			);
			path = UIKit;
			sourceTree = "<group>";
		};
		4026909726559F69004F2AD1 /* Favorite */ = {
			isa = PBXGroup;
			children = (
				4026909526559F50004F2AD1 /* FavoritesView.swift */,
				4055A7E9265A344100EC55ED /* FavoriteDetailView.swift */,
			);
			path = Favorite;
			sourceTree = "<group>";
		};
		4055A7E32659A03600EC55ED /* CoreData */ = {
			isa = PBXGroup;
			children = (
				4055A7E42659A05100EC55ED /* Persistence.swift */,
				4055A7E62659A11500EC55ED /* XKCD.xcdatamodeld */,
			);
			path = CoreData;
			sourceTree = "<group>";
		};
/* End PBXGroup section */

/* Begin PBXNativeTarget section */
		400A71E62652C877009FE0E8 /* XKCD */ = {
			isa = PBXNativeTarget;
			buildConfigurationList = 400A71F62652C87C009FE0E8 /* Build configuration list for PBXNativeTarget "XKCD" */;
			buildPhases = (
				400A71E32652C877009FE0E8 /* Sources */,
				400A71E42652C877009FE0E8 /* Frameworks */,
				400A71E52652C877009FE0E8 /* Resources */,
			);
			buildRules = (
			);
			dependencies = (
			);
			name = XKCD;
			productName = XKCD;
			productReference = 400A71E72652C877009FE0E8 /* XKCD.app */;
			productType = "com.apple.product-type.application";
		};
/* End PBXNativeTarget section */

/* Begin PBXProject section */
		400A71DF2652C877009FE0E8 /* Project object */ = {
			isa = PBXProject;
			attributes = {
				LastSwiftUpdateCheck = 1250;
				LastUpgradeCheck = 1250;
				TargetAttributes = {
					400A71E62652C877009FE0E8 = {
						CreatedOnToolsVersion = 12.5;
					};
				};
			};
			buildConfigurationList = 400A71E22652C877009FE0E8 /* Build configuration list for PBXProject "XKCD" */;
			compatibilityVersion = "Xcode 9.3";
			developmentRegion = en;
			hasScannedForEncodings = 0;
			knownRegions = (
				en,
				Base,
			);
			mainGroup = 400A71DE2652C877009FE0E8;
			productRefGroup = 400A71E82652C877009FE0E8 /* Products */;
			projectDirPath = "";
			projectRoot = "";
			targets = (
				400A71E62652C877009FE0E8 /* XKCD */,
			);
		};
/* End PBXProject section */

/* Begin PBXResourcesBuildPhase section */
		400A71E52652C877009FE0E8 /* Resources */ = {
			isa = PBXResourcesBuildPhase;
			buildActionMask = 2147483647;
			files = (
				400A71F22652C87C009FE0E8 /* Preview Assets.xcassets in Resources */,
				404AD2332656F4600080FFA4 /* xkcd.otf in Resources */,
				400A71EF2652C87C009FE0E8 /* Assets.xcassets in Resources */,
			);
			runOnlyForDeploymentPostprocessing = 0;
		};
/* End PBXResourcesBuildPhase section */

/* Begin PBXSourcesBuildPhase section */
		400A71E32652C877009FE0E8 /* Sources */ = {
			isa = PBXSourcesBuildPhase;
			buildActionMask = 2147483647;
			files = (
				4026908F26559DBA004F2AD1 /* ComicView.swift in Sources */,
				4055A7EA265A344100EC55ED /* FavoriteDetailView.swift in Sources */,
				40CC0E50265AC65000F4980F /* NavBarButtonsView.swift in Sources */,
				402690852655102B004F2AD1 /* ImageCache.swift in Sources */,
				4055A7C22659850A00EC55ED /* ComicCellDetailView.swift in Sources */,
				402690842655102B004F2AD1 /* AsyncImage.swift in Sources */,
				4026908B26559C3E004F2AD1 /* BrowseView.swift in Sources */,
				4026908D26559CE7004F2AD1 /* BrowseComicDetailView.swift in Sources */,
				40150FEE26592FF300F27B1F /* NavSearchBarView.swift in Sources */,
				4026908926559BEC004F2AD1 /* HomeView.swift in Sources */,
				4026907E2654D313004F2AD1 /* PinchZoomView.swift in Sources */,
				40CC0E4E265AC36300F4980F /* BrowseComicDetails.swift in Sources */,
				40150FF02659304C00F27B1F /* BrowseComicsView.swift in Sources */,
				400A71ED2652C877009FE0E8 /* ContentView.swift in Sources */,
				4055A7E52659A05100EC55ED /* Persistence.swift in Sources */,
				4055A7E82659A11500EC55ED /* XKCD.xcdatamodeld in Sources */,
				4026909626559F50004F2AD1 /* FavoritesView.swift in Sources */,
				402690862655102B004F2AD1 /* EnvironmentValues+ImageCache.swift in Sources */,
				400A71FA2652C891009FE0E8 /* Comic.swift in Sources */,
				400A71FC2652CA02009FE0E8 /* ComicViewModel.swift in Sources */,
				4026907426545942004F2AD1 /* String+Extension.swift in Sources */,
				4026909126559E57004F2AD1 /* ComicCellView.swift in Sources */,
				402690832655102B004F2AD1 /* ImageLoader.swift in Sources */,
				4026907A2654CB36004F2AD1 /* SafariView.swift in Sources */,
				400A71EB2652C877009FE0E8 /* XKCDApp.swift in Sources */,
				4026907C2654CBAA004F2AD1 /* ShareSheetView.swift in Sources */,
			);
			runOnlyForDeploymentPostprocessing = 0;
		};
/* End PBXSourcesBuildPhase section */

/* Begin XCBuildConfiguration section */
		400A71F42652C87C009FE0E8 /* Debug */ = {
			isa = XCBuildConfiguration;
			buildSettings = {
				ALWAYS_SEARCH_USER_PATHS = NO;
				CLANG_ANALYZER_NONNULL = YES;
				CLANG_ANALYZER_NUMBER_OBJECT_CONVERSION = YES_AGGRESSIVE;
				CLANG_CXX_LANGUAGE_STANDARD = "gnu++14";
				CLANG_CXX_LIBRARY = "libc++";
				CLANG_ENABLE_MODULES = YES;
				CLANG_ENABLE_OBJC_ARC = YES;
				CLANG_ENABLE_OBJC_WEAK = YES;
				CLANG_WARN_BLOCK_CAPTURE_AUTORELEASING = YES;
				CLANG_WARN_BOOL_CONVERSION = YES;
				CLANG_WARN_COMMA = YES;
				CLANG_WARN_CONSTANT_CONVERSION = YES;
				CLANG_WARN_DEPRECATED_OBJC_IMPLEMENTATIONS = YES;
				CLANG_WARN_DIRECT_OBJC_ISA_USAGE = YES_ERROR;
				CLANG_WARN_DOCUMENTATION_COMMENTS = YES;
				CLANG_WARN_EMPTY_BODY = YES;
				CLANG_WARN_ENUM_CONVERSION = YES;
				CLANG_WARN_INFINITE_RECURSION = YES;
				CLANG_WARN_INT_CONVERSION = YES;
				CLANG_WARN_NON_LITERAL_NULL_CONVERSION = YES;
				CLANG_WARN_OBJC_IMPLICIT_RETAIN_SELF = YES;
				CLANG_WARN_OBJC_LITERAL_CONVERSION = YES;
				CLANG_WARN_OBJC_ROOT_CLASS = YES_ERROR;
				CLANG_WARN_QUOTED_INCLUDE_IN_FRAMEWORK_HEADER = YES;
				CLANG_WARN_RANGE_LOOP_ANALYSIS = YES;
				CLANG_WARN_STRICT_PROTOTYPES = YES;
				CLANG_WARN_SUSPICIOUS_MOVE = YES;
				CLANG_WARN_UNGUARDED_AVAILABILITY = YES_AGGRESSIVE;
				CLANG_WARN_UNREACHABLE_CODE = YES;
				CLANG_WARN__DUPLICATE_METHOD_MATCH = YES;
				COPY_PHASE_STRIP = NO;
				DEBUG_INFORMATION_FORMAT = dwarf;
				ENABLE_STRICT_OBJC_MSGSEND = YES;
				ENABLE_TESTABILITY = YES;
				GCC_C_LANGUAGE_STANDARD = gnu11;
				GCC_DYNAMIC_NO_PIC = NO;
				GCC_NO_COMMON_BLOCKS = YES;
				GCC_OPTIMIZATION_LEVEL = 0;
				GCC_PREPROCESSOR_DEFINITIONS = (
					"DEBUG=1",
					"$(inherited)",
				);
				GCC_WARN_64_TO_32_BIT_CONVERSION = YES;
				GCC_WARN_ABOUT_RETURN_TYPE = YES_ERROR;
				GCC_WARN_UNDECLARED_SELECTOR = YES;
				GCC_WARN_UNINITIALIZED_AUTOS = YES_AGGRESSIVE;
				GCC_WARN_UNUSED_FUNCTION = YES;
				GCC_WARN_UNUSED_VARIABLE = YES;
				IPHONEOS_DEPLOYMENT_TARGET = 14.5;
				MTL_ENABLE_DEBUG_INFO = INCLUDE_SOURCE;
				MTL_FAST_MATH = YES;
				ONLY_ACTIVE_ARCH = YES;
				SDKROOT = iphoneos;
				SWIFT_ACTIVE_COMPILATION_CONDITIONS = DEBUG;
				SWIFT_OPTIMIZATION_LEVEL = "-Onone";
			};
			name = Debug;
		};
		400A71F52652C87C009FE0E8 /* Release */ = {
			isa = XCBuildConfiguration;
			buildSettings = {
				ALWAYS_SEARCH_USER_PATHS = NO;
				CLANG_ANALYZER_NONNULL = YES;
				CLANG_ANALYZER_NUMBER_OBJECT_CONVERSION = YES_AGGRESSIVE;
				CLANG_CXX_LANGUAGE_STANDARD = "gnu++14";
				CLANG_CXX_LIBRARY = "libc++";
				CLANG_ENABLE_MODULES = YES;
				CLANG_ENABLE_OBJC_ARC = YES;
				CLANG_ENABLE_OBJC_WEAK = YES;
				CLANG_WARN_BLOCK_CAPTURE_AUTORELEASING = YES;
				CLANG_WARN_BOOL_CONVERSION = YES;
				CLANG_WARN_COMMA = YES;
				CLANG_WARN_CONSTANT_CONVERSION = YES;
				CLANG_WARN_DEPRECATED_OBJC_IMPLEMENTATIONS = YES;
				CLANG_WARN_DIRECT_OBJC_ISA_USAGE = YES_ERROR;
				CLANG_WARN_DOCUMENTATION_COMMENTS = YES;
				CLANG_WARN_EMPTY_BODY = YES;
				CLANG_WARN_ENUM_CONVERSION = YES;
				CLANG_WARN_INFINITE_RECURSION = YES;
				CLANG_WARN_INT_CONVERSION = YES;
				CLANG_WARN_NON_LITERAL_NULL_CONVERSION = YES;
				CLANG_WARN_OBJC_IMPLICIT_RETAIN_SELF = YES;
				CLANG_WARN_OBJC_LITERAL_CONVERSION = YES;
				CLANG_WARN_OBJC_ROOT_CLASS = YES_ERROR;
				CLANG_WARN_QUOTED_INCLUDE_IN_FRAMEWORK_HEADER = YES;
				CLANG_WARN_RANGE_LOOP_ANALYSIS = YES;
				CLANG_WARN_STRICT_PROTOTYPES = YES;
				CLANG_WARN_SUSPICIOUS_MOVE = YES;
				CLANG_WARN_UNGUARDED_AVAILABILITY = YES_AGGRESSIVE;
				CLANG_WARN_UNREACHABLE_CODE = YES;
				CLANG_WARN__DUPLICATE_METHOD_MATCH = YES;
				COPY_PHASE_STRIP = NO;
				DEBUG_INFORMATION_FORMAT = "dwarf-with-dsym";
				ENABLE_NS_ASSERTIONS = NO;
				ENABLE_STRICT_OBJC_MSGSEND = YES;
				GCC_C_LANGUAGE_STANDARD = gnu11;
				GCC_NO_COMMON_BLOCKS = YES;
				GCC_WARN_64_TO_32_BIT_CONVERSION = YES;
				GCC_WARN_ABOUT_RETURN_TYPE = YES_ERROR;
				GCC_WARN_UNDECLARED_SELECTOR = YES;
				GCC_WARN_UNINITIALIZED_AUTOS = YES_AGGRESSIVE;
				GCC_WARN_UNUSED_FUNCTION = YES;
				GCC_WARN_UNUSED_VARIABLE = YES;
				IPHONEOS_DEPLOYMENT_TARGET = 14.5;
				MTL_ENABLE_DEBUG_INFO = NO;
				MTL_FAST_MATH = YES;
				SDKROOT = iphoneos;
				SWIFT_COMPILATION_MODE = wholemodule;
				SWIFT_OPTIMIZATION_LEVEL = "-O";
				VALIDATE_PRODUCT = YES;
			};
			name = Release;
		};
		400A71F72652C87C009FE0E8 /* Debug */ = {
			isa = XCBuildConfiguration;
			buildSettings = {
				ASSETCATALOG_COMPILER_APPICON_NAME = AppIcon;
				ASSETCATALOG_COMPILER_GLOBAL_ACCENT_COLOR_NAME = AccentColor;
				CODE_SIGN_STYLE = Automatic;
				DEVELOPMENT_ASSET_PATHS = "\"XKCD/Preview Content\"";
				DEVELOPMENT_TEAM = SDJDQ86DG5;
				ENABLE_PREVIEWS = YES;
				INFOPLIST_FILE = XKCD/Info.plist;
				IPHONEOS_DEPLOYMENT_TARGET = 14.0;
				LD_RUNPATH_SEARCH_PATHS = (
					"$(inherited)",
					"@executable_path/Frameworks",
				);
				PRODUCT_BUNDLE_IDENTIFIER = com.sheikhbayazid.XKCD;
				PRODUCT_NAME = "$(TARGET_NAME)";
				SWIFT_VERSION = 5.0;
				TARGETED_DEVICE_FAMILY = "1,2";
			};
			name = Debug;
		};
		400A71F82652C87C009FE0E8 /* Release */ = {
			isa = XCBuildConfiguration;
			buildSettings = {
				ASSETCATALOG_COMPILER_APPICON_NAME = AppIcon;
				ASSETCATALOG_COMPILER_GLOBAL_ACCENT_COLOR_NAME = AccentColor;
				CODE_SIGN_STYLE = Automatic;
				DEVELOPMENT_ASSET_PATHS = "\"XKCD/Preview Content\"";
				DEVELOPMENT_TEAM = SDJDQ86DG5;
				ENABLE_PREVIEWS = YES;
				INFOPLIST_FILE = XKCD/Info.plist;
				IPHONEOS_DEPLOYMENT_TARGET = 14.0;
				LD_RUNPATH_SEARCH_PATHS = (
					"$(inherited)",
					"@executable_path/Frameworks",
				);
				PRODUCT_BUNDLE_IDENTIFIER = com.sheikhbayazid.XKCD;
				PRODUCT_NAME = "$(TARGET_NAME)";
				SWIFT_VERSION = 5.0;
				TARGETED_DEVICE_FAMILY = "1,2";
			};
			name = Release;
		};
/* End XCBuildConfiguration section */

/* Begin XCConfigurationList section */
		400A71E22652C877009FE0E8 /* Build configuration list for PBXProject "XKCD" */ = {
			isa = XCConfigurationList;
			buildConfigurations = (
				400A71F42652C87C009FE0E8 /* Debug */,
				400A71F52652C87C009FE0E8 /* Release */,
			);
			defaultConfigurationIsVisible = 0;
			defaultConfigurationName = Release;
		};
		400A71F62652C87C009FE0E8 /* Build configuration list for PBXNativeTarget "XKCD" */ = {
			isa = XCConfigurationList;
			buildConfigurations = (
				400A71F72652C87C009FE0E8 /* Debug */,
				400A71F82652C87C009FE0E8 /* Release */,
			);
			defaultConfigurationIsVisible = 0;
			defaultConfigurationName = Release;
		};
/* End XCConfigurationList section */

/* Begin XCVersionGroup section */
		4055A7E62659A11500EC55ED /* XKCD.xcdatamodeld */ = {
			isa = XCVersionGroup;
			children = (
				4055A7E72659A11500EC55ED /* XKCD.xcdatamodel */,
			);
			currentVersion = 4055A7E72659A11500EC55ED /* XKCD.xcdatamodel */;
			path = XKCD.xcdatamodeld;
			sourceTree = "<group>";
			versionGroupType = wrapper.xcdatamodel;
		};
/* End XCVersionGroup section */
	};
	rootObject = 400A71DF2652C877009FE0E8 /* Project object */;
}
